
Microsoft Visual Studio Solution File, Format Version 12.00
# Visual Studio Version 16
VisualStudioVersion = 16.0.31727.386
MinimumVisualStudioVersion = 10.0.40219.1
Project("{FAE04EC0-301F-11D3-BF4B-00C04F79EFBC}") = "ContadorManual.Android", "ContadorManual\ContadorManual.Android\ContadorManual.Android.csproj", "{7DE45EE7-91BA-4586-94FD-BE5E9A5F5B35}"
EndProject
Project("{FAE04EC0-301F-11D3-BF4B-00C04F79EFBC}") = "ContadorManual.iOS", "ContadorManual\ContadorManual.iOS\ContadorManual.iOS.csproj", "{3EFE509B-0F7F-4373-B950-3975F1638D44}"
EndProject
Project("{FAE04EC0-301F-11D3-BF4B-00C04F79EFBC}") = "ContadorManual", "ContadorManual\ContadorManual\ContadorManual.csproj", "{BBEA43B5-9F7C-4E88-84B2-963AE6416A4C}"
EndProject
Global
	GlobalSection(SolutionConfigurationPlatforms) = preSolution
		Debug|Any CPU = Debug|Any CPU
		Debug|iPhone = Debug|iPhone
		Debug|iPhoneSimulator = Debug|iPhoneSimulator
		Release|Any CPU = Release|Any CPU
		Release|iPhone = Release|iPhone
		Release|iPhoneSimulator = Release|iPhoneSimulator
	EndGlobalSection
	GlobalSection(ProjectConfigurationPlatforms) = postSolution
		{7DE45EE7-91BA-4586-94FD-BE5E9A5F5B35}.Debug|Any CPU.ActiveCfg = Debug|Any CPU
		{7DE45EE7-91BA-4586-94FD-BE5E9A5F5B35}.Debug|Any CPU.Build.0 = Debug|Any CPU
		{7DE45EE7-91BA-4586-94FD-BE5E9A5F5B35}.Debug|Any CPU.Deploy.0 = Debug|Any CPU
		{7DE45EE7-91BA-4586-94FD-BE5E9A5F5B35}.Debug|iPhone.ActiveCfg = Debug|Any CPU
		{7DE45EE7-91BA-4586-94FD-BE5E9A5F5B35}.Debug|iPhone.Build.0 = Debug|Any CPU
		{7DE45EE7-91BA-4586-94FD-BE5E9A5F5B35}.Debug|iPhone.Deploy.0 = Debug|Any CPU
		{7DE45EE7-91BA-4586-94FD-BE5E9A5F5B35}.Debug|iPhoneSimulator.ActiveCfg = Debug|Any CPU
		{7DE45EE7-91BA-4586-94FD-BE5E9A5F5B35}.Debug|iPhoneSimulator.Build.0 = Debug|Any CPU
		{7DE45EE7-91BA-4586-94FD-BE5E9A5F5B35}.Debug|iPhoneSimulator.Deploy.0 = Debug|Any CPU
		{7DE45EE7-91BA-4586-94FD-BE5E9A5F5B35}.Release|Any CPU.ActiveCfg = Release|Any CPU
		{7DE45EE7-91BA-4586-94FD-BE5E9A5F5B35}.Release|Any CPU.Build.0 = Release|Any CPU
		{7DE45EE7-91BA-4586-94FD-BE5E9A5F5B35}.Release|Any CPU.Deploy.0 = Release|Any CPU
		{7DE45EE7-91BA-4586-94FD-BE5E9A5F5B35}.Release|iPhone.ActiveCfg = Release|Any CPU
		{7DE45EE7-91BA-4586-94FD-BE5E9A5F5B35}.Release|iPhone.Build.0 = Release|Any CPU
		{7DE45EE7-91BA-4586-94FD-BE5E9A5F5B35}.Release|iPhone.Deploy.0 = Release|Any CPU
		{7DE45EE7-91BA-4586-94FD-BE5E9A5F5B35}.Release|iPhoneSimulator.ActiveCfg = Release|Any CPU
		{7DE45EE7-91BA-4586-94FD-BE5E9A5F5B35}.Release|iPhoneSimulator.Build.0 = Release|Any CPU
		{7DE45EE7-91BA-4586-94FD-BE5E9A5F5B35}.Release|iPhoneSimulator.Deploy.0 = Release|Any CPU
		{3EFE509B-0F7F-4373-B950-3975F1638D44}.Debug|Any CPU.ActiveCfg = Debug|iPhone
		{3EFE509B-0F7F-4373-B950-3975F1638D44}.Debug|Any CPU.Build.0 = Debug|iPhone
		{3EFE509B-0F7F-4373-B950-3975F1638D44}.Debug|Any CPU.Deploy.0 = Debug|iPhone
		{3EFE509B-0F7F-4373-B950-3975F1638D44}.Debug|iPhone.ActiveCfg = Debug|iPhone
		{3EFE509B-0F7F-4373-B950-3975F1638D44}.Debug|iPhone.Build.0 = Debug|iPhone
		{3EFE509B-0F7F-4373-B950-3975F1638D44}.Debug|iPhone.Deploy.0 = Debug|iPhone
		{3EFE509B-0F7F-4373-B950-3975F1638D44}.Debug|iPhoneSimulator.ActiveCfg = Debug|iPhoneSimulator
		{3EFE509B-0F7F-4373-B950-3975F1638D44}.Debug|iPhoneSimulator.Build.0 = Debug|iPhoneSimulator
		{3EFE509B-0F7F-4373-B950-3975F1638D44}.Debug|iPhoneSimulator.Deploy.0 = Debug|iPhoneSimulator
		{3EFE509B-0F7F-4373-B950-3975F1638D44}.Release|Any CPU.ActiveCfg = Release|iPhoneSimulator
		{3EFE509B-0F7F-4373-B950-3975F1638D44}.Release|Any CPU.Build.0 = Release|iPhoneSimulator
		{3EFE509B-0F7F-4373-B950-3975F1638D44}.Release|Any CPU.Deploy.0 = Release|iPhoneSimulator
		{3EFE509B-0F7F-4373-B950-3975F1638D44}.Release|iPhone.ActiveCfg = Release|iPhone
		{3EFE509B-0F7F-4373-B950-3975F1638D44}.Release|iPhone.Build.0 = Release|iPhone
		{3EFE509B-0F7F-4373-B950-3975F1638D44}.Release|iPhone.Deploy.0 = Release|iPhone
		{3EFE509B-0F7F-4373-B950-3975F1638D44}.Release|iPhoneSimulator.ActiveCfg = Release|iPhoneSimulator
		{3EFE509B-0F7F-4373-B950-3975F1638D44}.Release|iPhoneSimulator.Build.0 = Release|iPhoneSimulator
		{3EFE509B-0F7F-4373-B950-3975F1638D44}.Release|iPhoneSimulator.Deploy.0 = Release|iPhoneSimulator
		{BBEA43B5-9F7C-4E88-84B2-963AE6416A4C}.Debug|Any CPU.ActiveCfg = Debug|Any CPU
		{BBEA43B5-9F7C-4E88-84B2-963AE6416A4C}.Debug|Any CPU.Build.0 = Debug|Any CPU
		{BBEA43B5-9F7C-4E88-84B2-963AE6416A4C}.Debug|Any CPU.Deploy.0 = Debug|Any CPU
		{BBEA43B5-9F7C-4E88-84B2-963AE6416A4C}.Debug|iPhone.ActiveCfg = Debug|Any CPU
		{BBEA43B5-9F7C-4E88-84B2-963AE6416A4C}.Debug|iPhone.Build.0 = Debug|Any CPU
		{BBEA43B5-9F7C-4E88-84B2-963AE6416A4C}.Debug|iPhone.Deploy.0 = Debug|Any CPU
		{BBEA43B5-9F7C-4E88-84B2-963AE6416A4C}.Debug|iPhoneSimulator.ActiveCfg = Debug|Any CPU
		{BBEA43B5-9F7C-4E88-84B2-963AE6416A4C}.Debug|iPhoneSimulator.Build.0 = Debug|Any CPU
		{BBEA43B5-9F7C-4E88-84B2-963AE6416A4C}.Debug|iPhoneSimulator.Deploy.0 = Debug|Any CPU
		{BBEA43B5-9F7C-4E88-84B2-963AE6416A4C}.Release|Any CPU.ActiveCfg = Release|Any CPU
		{BBEA43B5-9F7C-4E88-84B2-963AE6416A4C}.Release|Any CPU.Build.0 = Release|Any CPU
		{BBEA43B5-9F7C-4E88-84B2-963AE6416A4C}.Release|Any CPU.Deploy.0 = Release|Any CPU
		{BBEA43B5-9F7C-4E88-84B2-963AE6416A4C}.Release|iPhone.ActiveCfg = Release|Any CPU
		{BBEA43B5-9F7C-4E88-84B2-963AE6416A4C}.Release|iPhone.Build.0 = Release|Any CPU
		{BBEA43B5-9F7C-4E88-84B2-963AE6416A4C}.Release|iPhone.Deploy.0 = Release|Any CPU
		{BBEA43B5-9F7C-4E88-84B2-963AE6416A4C}.Release|iPhoneSimulator.ActiveCfg = Release|Any CPU
		{BBEA43B5-9F7C-4E88-84B2-963AE6416A4C}.Release|iPhoneSimulator.Build.0 = Release|Any CPU
		{BBEA43B5-9F7C-4E88-84B2-963AE6416A4C}.Release|iPhoneSimulator.Deploy.0 = Release|Any CPU
	EndGlobalSection
	GlobalSection(SolutionProperties) = preSolution
		HideSolutionNode = FALSE
	EndGlobalSection
	GlobalSection(ExtensibilityGlobals) = postSolution
		SolutionGuid = {AF3285CE-1F8A-4C84-8DE1-7E04EDC096A0}
	EndGlobalSection
EndGlobal
